Microsoft Visual Studio Solution File, Format Version 12.00
# Visual Studio Version 17
VisualStudioVersion = 17.5.2.0
MinimumVisualStudioVersion = 10.0.40219.1
Project("{FAE04EC0-301F-11D3-BF4B-00C04F79EFBC}") = "ChatterCore", "ChatterCore.csproj", "{C08A3E3D-C446-82E7-C1E5-5C953F4BE481}"
EndProject
Global
	GlobalSection(SolutionConfigurationPlatforms) = preSolution
		Debug|Any CPU = Debug|Any CPU
		Release|Any CPU = Release|Any CPU
	EndGlobalSection
	GlobalSection(ProjectConfigurationPlatforms) = postSolution
		{C08A3E3D-C446-82E7-C1E5-5C953F4BE481}.Debug|Any CPU.ActiveCfg = Debug|Any CPU
		{C08A3E3D-C446-82E7-C1E5-5C953F4BE481}.Debug|Any CPU.Build.0 = Debug|Any CPU
		{C08A3E3D-C446-82E7-C1E5-5C953F4BE481}.Release|Any CPU.ActiveCfg = Release|Any CPU
		{C08A3E3D-C446-82E7-C1E5-5C953F4BE481}.Release|Any CPU.Build.0 = Release|Any CPU
	EndGlobalSection
	GlobalSection(SolutionProperties) = preSolution
		HideSolutionNode = FALSE
	EndGlobalSection
	GlobalSection(ExtensibilityGlobals) = postSolution
		SolutionGuid = {3FFEDF8F-D2D0-4B5F-8087-B7B7169CC072}
	EndGlobalSection
EndGlobal
